
Microsoft Visual Studio Solution File, Format Version 12.00
# Visual Studio Version 17
VisualStudioVersion = 17.0.31903.59
MinimumVisualStudioVersion = 10.0.40219.1
Project("{2150E333-8FDC-42A3-9474-1A3956D46DE8}") = "samples", "samples", "{5D20AA90-6969-D8BD-9DCD-8634F4692FDA}"
EndProject
Project("{2150E333-8FDC-42A3-9474-1A3956D46DE8}") = "src", "src", "{827E0CD3-B72D-47B6-A68D-7590B98EB39B}"
EndProject
Project("{FAE04EC0-301F-11D3-BF4B-00C04F79EFBC}") = "Umpk.Server", "src\Umpk.Server\Umpk.Server.csproj", "{464EF9FD-AABE-425B-A212-3D57443E2B98}"
EndProject
Project("{FAE04EC0-301F-11D3-BF4B-00C04F79EFBC}") = "Umpk.Core", "src\Umpk.Core\Umpk.Core.csproj", "{71D7DEA6-DE10-46C0-BED5-D4F47EFC4C53}"
EndProject
Project("{FAE04EC0-301F-11D3-BF4B-00C04F79EFBC}") = "Umpk.Protocol.Java", "src\Umpk.Protocol.Java\Umpk.Protocol.Java.csproj", "{A9CF2BD4-65E6-47FB-A174-6202B108CE6A}"
EndProject
Project("{FAE04EC0-301F-11D3-BF4B-00C04F79EFBC}") = "Umpk.Nbt", "src\Umpk.Nbt\Umpk.Nbt.csproj", "{6A3B62BF-82E4-4B75-9692-2B48490830C3}"
EndProject
Project("{FAE04EC0-301F-11D3-BF4B-00C04F79EFBC}") = "Umpk.Text", "src\Umpk.Text\Umpk.Text.csproj", "{CD959AA8-1EDE-4433-8EA7-53E550161270}"
EndProject
Project("{FAE04EC0-301F-11D3-BF4B-00C04F79EFBC}") = "Umpk.Game", "src\Umpk.Game\Umpk.Game.csproj", "{D59FD34C-9C4A-4601-A57E-46E862CB22BC}"
EndProject
Project("{FAE04EC0-301F-11D3-BF4B-00C04F79EFBC}") = "Umpk.Commands", "src\Umpk.Commands\Umpk.Commands.csproj", "{DE63B99A-0D8F-45A7-BB30-82EC823519B6}"
EndProject
Project("{FAE04EC0-301F-11D3-BF4B-00C04F79EFBC}") = "Umpk.Data.Java", "src\Umpk.Data.Java\Umpk.Data.Java.csproj", "{29B231AC-31A5-438D-AEAA-42FFB80FC435}"
EndProject
Project("{FAE04EC0-301F-11D3-BF4B-00C04F79EFBC}") = "Umpk.Data.Lang", "src\Umpk.Data.Lang\Umpk.Data.Lang.csproj", "{121B3138-1D14-4518-BAE7-2628DAAEEB8B}"
EndProject
Project("{FAE04EC0-301F-11D3-BF4B-00C04F79EFBC}") = "MinimalBot", "samples\MinimalBot\MinimalBot.csproj", "{9F59017A-D9D0-434B-9B50-B4114E2E2332}"
EndProject
Project("{FAE04EC0-301F-11D3-BF4B-00C04F79EFBC}") = "Umpk.Client", "src\Umpk.Client\Umpk.Client.csproj", "{8467498E-1677-4102-B9C9-5AC14D3BD7B2}"
EndProject
Project("{FAE04EC0-301F-11D3-BF4B-00C04F79EFBC}") = "Umpk.Physics", "src\Umpk.Physics\Umpk.Physics.csproj", "{F9067AF0-1C14-450B-867E-20C440C30BBB}"
EndProject
Project("{FAE04EC0-301F-11D3-BF4B-00C04F79EFBC}") = "Umpk.Pathfinding", "src\Umpk.Pathfinding\Umpk.Pathfinding.csproj", "{55AE16D4-CB69-4C9F-9DDD-0E208692728A}"
EndProject
Project("{FAE04EC0-301F-11D3-BF4B-00C04F79EFBC}") = "Umpk.Proxy", "src\Umpk.Proxy\Umpk.Proxy.csproj", "{DDF88D06-3B67-4445-ADD1-532DF8184B27}"
EndProject
Project("{FAE04EC0-301F-11D3-BF4B-00C04F79EFBC}") = "StatusPing", "samples\StatusPing\StatusPing.csproj", "{1E479677-BDBE-4638-8A44-EA188158CF10}"
EndProject
Project("{FAE04EC0-301F-11D3-BF4B-00C04F79EFBC}") = "Umpk.Auth", "src\Umpk.Auth\Umpk.Auth.csproj", "{003A9FDE-5C90-4889-8483-0B9B050EA108}"
EndProject
Project("{FAE04EC0-301F-11D3-BF4B-00C04F79EFBC}") = "Umpk", "src\Umpk\Umpk.csproj", "{47AB9866-E0D4-494E-A363-0160EBBB1294}"
EndProject
Project("{2150E333-8FDC-42A3-9474-1A3956D46DE8}") = "tests", "tests", "{0AB3BF05-4346-4AA6-1389-037BE0695223}"
EndProject
Project("{FAE04EC0-301F-11D3-BF4B-00C04F79EFBC}") = "Umpk.Auth.Tests", "tests\Umpk.Auth.Tests\Umpk.Auth.Tests.csproj", "{53019527-957B-4935-80D8-7C945B90740A}"
EndProject
Project("{FAE04EC0-301F-11D3-BF4B-00C04F79EFBC}") = "Umpk.TestKit", "tests\Umpk.TestKit\Umpk.TestKit.csproj", "{22662AD5-F7CF-4E00-86CF-F91C6D9C368C}"
EndProject
Project("{FAE04EC0-301F-11D3-BF4B-00C04F79EFBC}") = "Umpk.Benchmarks", "tests\Umpk.Benchmarks\Umpk.Benchmarks.csproj", "{6A57E6D1-372F-4C27-9E58-A1FB0639D2B7}"
EndProject
Project("{FAE04EC0-301F-11D3-BF4B-00C04F79EFBC}") = "Umpk.Client.Tests", "tests\Umpk.Client.Tests\Umpk.Client.Tests.csproj", "{3FFFD59E-102E-441F-9784-4672ED9CBCC4}"
EndProject
Project("{FAE04EC0-301F-11D3-BF4B-00C04F79EFBC}") = "Umpk.Commands.Tests", "tests\Umpk.Commands.Tests\Umpk.Commands.Tests.csproj", "{51FCA68C-C5A2-4075-8471-298232955EE3}"
EndProject
Project("{FAE04EC0-301F-11D3-BF4B-00C04F79EFBC}") = "Umpk.Core.Tests", "tests\Umpk.Core.Tests\Umpk.Core.Tests.csproj", "{6CBE3B79-FB97-4581-BE20-6D13C2CA9FE3}"
EndProject
Project("{FAE04EC0-301F-11D3-BF4B-00C04F79EFBC}") = "Umpk.DataGen.Tests", "tests\Umpk.DataGen.Tests\Umpk.DataGen.Tests.csproj", "{2A892B36-85D2-4573-828D-B5FE267FCAE9}"
EndProject
Project("{2150E333-8FDC-42A3-9474-1A3956D46DE8}") = "tools", "tools", "{07C2787E-EAC7-C090-1BA3-A61EC2A24D84}"
EndProject
Project("{FAE04EC0-301F-11D3-BF4B-00C04F79EFBC}") = "Umpk.DataGen", "tools\Umpk.DataGen\Umpk.DataGen.csproj", "{FC3E6F6E-F4D0-4D2C-9F7E-970C6CF41D93}"
EndProject
Project("{FAE04EC0-301F-11D3-BF4B-00C04F79EFBC}") = "Umpk.Data.Java.Tests", "tests\Umpk.Data.Java.Tests\Umpk.Data.Java.Tests.csproj", "{16EF7DF7-7CB0-4F50-AE76-F70A99D031F5}"
EndProject
Project("{FAE04EC0-301F-11D3-BF4B-00C04F79EFBC}") = "Umpk.Data.Lang.Tests", "tests\Umpk.Data.Lang.Tests\Umpk.Data.Lang.Tests.csproj", "{4F82E1CF-C6BB-487A-8304-9808EBF6025D}"
EndProject
Project("{FAE04EC0-301F-11D3-BF4B-00C04F79EFBC}") = "Umpk.Game.Tests", "tests\Umpk.Game.Tests\Umpk.Game.Tests.csproj", "{68D55433-7C8E-4022-A90E-092081E10393}"
EndProject
Project("{FAE04EC0-301F-11D3-BF4B-00C04F79EFBC}") = "Umpk.IntegrationTests", "tests\Umpk.IntegrationTests\Umpk.IntegrationTests.csproj", "{59EA37D4-F7A6-4EA1-9642-7D626B7CF340}"
EndProject
Project("{FAE04EC0-301F-11D3-BF4B-00C04F79EFBC}") = "Umpk.Nbt.Tests", "tests\Umpk.Nbt.Tests\Umpk.Nbt.Tests.csproj", "{CA4A80D7-28C7-4544-804E-572D367E58CB}"
EndProject
Project("{FAE04EC0-301F-11D3-BF4B-00C04F79EFBC}") = "Umpk.PacketRecorder.Tests", "tests\Umpk.PacketRecorder.Tests\Umpk.PacketRecorder.Tests.csproj", "{6D90611B-A3FF-45C7-BBA2-A839B5E3FD82}"
EndProject
Project("{FAE04EC0-301F-11D3-BF4B-00C04F79EFBC}") = "Umpk.PacketRecorder", "tools\Umpk.PacketRecorder\Umpk.PacketRecorder.csproj", "{F718CCBD-382B-4802-B3BA-8AC01C3B15D2}"
EndProject
Project("{FAE04EC0-301F-11D3-BF4B-00C04F79EFBC}") = "Umpk.Pathfinding.Tests", "tests\Umpk.Pathfinding.Tests\Umpk.Pathfinding.Tests.csproj", "{B52733D6-E63D-4728-B346-B92FC27A22F9}"
EndProject
Project("{FAE04EC0-301F-11D3-BF4B-00C04F79EFBC}") = "Umpk.Physics.Tests", "tests\Umpk.Physics.Tests\Umpk.Physics.Tests.csproj", "{87586920-3D64-466F-A26D-9D5324BA6CD3}"
EndProject
Project("{FAE04EC0-301F-11D3-BF4B-00C04F79EFBC}") = "Umpk.Protocol.Java.Conformance", "tests\Umpk.Protocol.Java.Conformance\Umpk.Protocol.Java.Conformance.csproj", "{D48F16FE-70D1-4D46-BAD9-E8E6008BDE12}"
EndProject
Project("{FAE04EC0-301F-11D3-BF4B-00C04F79EFBC}") = "Umpk.Protocol.Java.Tests", "tests\Umpk.Protocol.Java.Tests\Umpk.Protocol.Java.Tests.csproj", "{3EEFBA3C-39DC-43A1-A93E-5DAEED1ED80A}"
EndProject
Project("{FAE04EC0-301F-11D3-BF4B-00C04F79EFBC}") = "Umpk.Text.Tests", "tests\Umpk.Text.Tests\Umpk.Text.Tests.csproj", "{9257A1C9-39D8-4B38-A998-B125C4ED8D15}"
EndProject
Project("{FAE04EC0-301F-11D3-BF4B-00C04F79EFBC}") = "Umpk.Realms", "src\Umpk.Realms\Umpk.Realms.csproj", "{5FCAEB63-1D09-41EA-995F-F583149CF716}"
EndProject
Project("{FAE04EC0-301F-11D3-BF4B-00C04F79EFBC}") = "Umpk.Realms.Tests", "tests\Umpk.Realms.Tests\Umpk.Realms.Tests.csproj", "{0F15DF17-B24C-47BF-8616-FD224CC590A5}"
EndProject
Project("{FAE04EC0-301F-11D3-BF4B-00C04F79EFBC}") = "ChatRender", "samples\ChatRender\ChatRender.csproj", "{7ABE9AC3-F703-45C5-B42E-3FBA15632C32}"
EndProject
Project("{FAE04EC0-301F-11D3-BF4B-00C04F79EFBC}") = "NbtLab", "samples\NbtLab\NbtLab.csproj", "{40F1CD12-C6B6-47B9-8243-ACE2D8415117}"
EndProject
Project("{FAE04EC0-301F-11D3-BF4B-00C04F79EFBC}") = "PhysicsWalk", "samples\PhysicsWalk\PhysicsWalk.csproj", "{A9A0133F-DBC7-44E2-B751-E27EDF4C9304}"
EndProject
Project("{FAE04EC0-301F-11D3-BF4B-00C04F79EFBC}") = "VersionTable", "samples\VersionTable\VersionTable.csproj", "{685EF7DA-FAD9-47D2-82F4-C7B74DE35C15}"
EndProject
Project("{FAE04EC0-301F-11D3-BF4B-00C04F79EFBC}") = "AuthOffline", "samples\AuthOffline\AuthOffline.csproj", "{219A2B75-D3D5-4CCA-B1AC-646387DBCB30}"
EndProject
Project("{FAE04EC0-301F-11D3-BF4B-00C04F79EFBC}") = "ConnectedBot", "samples\ConnectedBot\ConnectedBot.csproj", "{0FB4F7B2-BBF5-4422-8133-DB82AD4D4643}"
EndProject
Project("{FAE04EC0-301F-11D3-BF4B-00C04F79EFBC}") = "AuthOnline", "samples\AuthOnline\AuthOnline.csproj", "{E129C530-D5C7-4FEF-9644-2CE1D7B283D0}"
EndProject
Project("{FAE04EC0-301F-11D3-BF4B-00C04F79EFBC}") = "AuthThirdParty", "samples\AuthThirdParty\AuthThirdParty.csproj", "{29FF43DE-61B7-40C4-AD95-1B43341FCE34}"
EndProject
Global
	GlobalSection(SolutionConfigurationPlatforms) = preSolution
		Debug|Any CPU = Debug|Any CPU
		Debug|x64 = Debug|x64
		Debug|x86 = Debug|x86
		Release|Any CPU = Release|Any CPU
		Release|x64 = Release|x64
		Release|x86 = Release|x86
	EndGlobalSection
	GlobalSection(ProjectConfigurationPlatforms) = postSolution
		{464EF9FD-AABE-425B-A212-3D57443E2B98}.Debug|Any CPU.ActiveCfg = Debug|Any CPU
		{464EF9FD-AABE-425B-A212-3D57443E2B98}.Debug|Any CPU.Build.0 = Debug|Any CPU
		{464EF9FD-AABE-425B-A212-3D57443E2B98}.Debug|x64.ActiveCfg = Debug|Any CPU
		{464EF9FD-AABE-425B-A212-3D57443E2B98}.Debug|x64.Build.0 = Debug|Any CPU
		{464EF9FD-AABE-425B-A212-3D57443E2B98}.Debug|x86.ActiveCfg = Debug|Any CPU
		{464EF9FD-AABE-425B-A212-3D57443E2B98}.Debug|x86.Build.0 = Debug|Any CPU
		{464EF9FD-AABE-425B-A212-3D57443E2B98}.Release|Any CPU.ActiveCfg = Release|Any CPU
		{464EF9FD-AABE-425B-A212-3D57443E2B98}.Release|Any CPU.Build.0 = Release|Any CPU
		{464EF9FD-AABE-425B-A212-3D57443E2B98}.Release|x64.ActiveCfg = Release|Any CPU
		{464EF9FD-AABE-425B-A212-3D57443E2B98}.Release|x64.Build.0 = Release|Any CPU
		{464EF9FD-AABE-425B-A212-3D57443E2B98}.Release|x86.ActiveCfg = Release|Any CPU
		{464EF9FD-AABE-425B-A212-3D57443E2B98}.Release|x86.Build.0 = Release|Any CPU
		{71D7DEA6-DE10-46C0-BED5-D4F47EFC4C53}.Debug|Any CPU.ActiveCfg = Debug|Any CPU
		{71D7DEA6-DE10-46C0-BED5-D4F47EFC4C53}.Debug|Any CPU.Build.0 = Debug|Any CPU
		{71D7DEA6-DE10-46C0-BED5-D4F47EFC4C53}.Debug|x64.ActiveCfg = Debug|Any CPU
		{71D7DEA6-DE10-46C0-BED5-D4F47EFC4C53}.Debug|x64.Build.0 = Debug|Any CPU
		{71D7DEA6-DE10-46C0-BED5-D4F47EFC4C53}.Debug|x86.ActiveCfg = Debug|Any CPU
		{71D7DEA6-DE10-46C0-BED5-D4F47EFC4C53}.Debug|x86.Build.0 = Debug|Any CPU
		{71D7DEA6-DE10-46C0-BED5-D4F47EFC4C53}.Release|Any CPU.ActiveCfg = Release|Any CPU
		{71D7DEA6-DE10-46C0-BED5-D4F47EFC4C53}.Release|Any CPU.Build.0 = Release|Any CPU
		{71D7DEA6-DE10-46C0-BED5-D4F47EFC4C53}.Release|x64.ActiveCfg = Release|Any CPU
		{71D7DEA6-DE10-46C0-BED5-D4F47EFC4C53}.Release|x64.Build.0 = Release|Any CPU
		{71D7DEA6-DE10-46C0-BED5-D4F47EFC4C53}.Release|x86.ActiveCfg = Release|Any CPU
		{71D7DEA6-DE10-46C0-BED5-D4F47EFC4C53}.Release|x86.Build.0 = Release|Any CPU
		{A9CF2BD4-65E6-47FB-A174-6202B108CE6A}.Debug|Any CPU.ActiveCfg = Debug|Any CPU
		{A9CF2BD4-65E6-47FB-A174-6202B108CE6A}.Debug|Any CPU.Build.0 = Debug|Any CPU
		{A9CF2BD4-65E6-47FB-A174-6202B108CE6A}.Debug|x64.ActiveCfg = Debug|Any CPU
		{A9CF2BD4-65E6-47FB-A174-6202B108CE6A}.Debug|x64.Build.0 = Debug|Any CPU
		{A9CF2BD4-65E6-47FB-A174-6202B108CE6A}.Debug|x86.ActiveCfg = Debug|Any CPU
		{A9CF2BD4-65E6-47FB-A174-6202B108CE6A}.Debug|x86.Build.0 = Debug|Any CPU
		{A9CF2BD4-65E6-47FB-A174-6202B108CE6A}.Release|Any CPU.ActiveCfg = Release|Any CPU
		{A9CF2BD4-65E6-47FB-A174-6202B108CE6A}.Release|Any CPU.Build.0 = Release|Any CPU
		{A9CF2BD4-65E6-47FB-A174-6202B108CE6A}.Release|x64.ActiveCfg = Release|Any CPU
		{A9CF2BD4-65E6-47FB-A174-6202B108CE6A}.Release|x64.Build.0 = Release|Any CPU
		{A9CF2BD4-65E6-47FB-A174-6202B108CE6A}.Release|x86.ActiveCfg = Release|Any CPU
		{A9CF2BD4-65E6-47FB-A174-6202B108CE6A}.Release|x86.Build.0 = Release|Any CPU
		{6A3B62BF-82E4-4B75-9692-2B48490830C3}.Debug|Any CPU.ActiveCfg = Debug|Any CPU
		{6A3B62BF-82E4-4B75-9692-2B48490830C3}.Debug|Any CPU.Build.0 = Debug|Any CPU
		{6A3B62BF-82E4-4B75-9692-2B48490830C3}.Debug|x64.ActiveCfg = Debug|Any CPU
		{6A3B62BF-82E4-4B75-9692-2B48490830C3}.Debug|x64.Build.0 = Debug|Any CPU
		{6A3B62BF-82E4-4B75-9692-2B48490830C3}.Debug|x86.ActiveCfg = Debug|Any CPU
		{6A3B62BF-82E4-4B75-9692-2B48490830C3}.Debug|x86.Build.0 = Debug|Any CPU
		{6A3B62BF-82E4-4B75-9692-2B48490830C3}.Release|Any CPU.ActiveCfg = Release|Any CPU
		{6A3B62BF-82E4-4B75-9692-2B48490830C3}.Release|Any CPU.Build.0 = Release|Any CPU
		{6A3B62BF-82E4-4B75-9692-2B48490830C3}.Release|x64.ActiveCfg = Release|Any CPU
		{6A3B62BF-82E4-4B75-9692-2B48490830C3}.Release|x64.Build.0 = Release|Any CPU
		{6A3B62BF-82E4-4B75-9692-2B48490830C3}.Release|x86.ActiveCfg = Release|Any CPU
		{6A3B62BF-82E4-4B75-9692-2B48490830C3}.Release|x86.Build.0 = Release|Any CPU
		{CD959AA8-1EDE-4433-8EA7-53E550161270}.Debug|Any CPU.ActiveCfg = Debug|Any CPU
		{CD959AA8-1EDE-4433-8EA7-53E550161270}.Debug|Any CPU.Build.0 = Debug|Any CPU
		{CD959AA8-1EDE-4433-8EA7-53E550161270}.Debug|x64.ActiveCfg = Debug|Any CPU
		{CD959AA8-1EDE-4433-8EA7-53E550161270}.Debug|x64.Build.0 = Debug|Any CPU
		{CD959AA8-1EDE-4433-8EA7-53E550161270}.Debug|x86.ActiveCfg = Debug|Any CPU
		{CD959AA8-1EDE-4433-8EA7-53E550161270}.Debug|x86.Build.0 = Debug|Any CPU
		{CD959AA8-1EDE-4433-8EA7-53E550161270}.Release|Any CPU.ActiveCfg = Release|Any CPU
		{CD959AA8-1EDE-4433-8EA7-53E550161270}.Release|Any CPU.Build.0 = Release|Any CPU
		{CD959AA8-1EDE-4433-8EA7-53E550161270}.Release|x64.ActiveCfg = Release|Any CPU
		{CD959AA8-1EDE-4433-8EA7-53E550161270}.Release|x64.Build.0 = Release|Any CPU
		{CD959AA8-1EDE-4433-8EA7-53E550161270}.Release|x86.ActiveCfg = Release|Any CPU
		{CD959AA8-1EDE-4433-8EA7-53E550161270}.Release|x86.Build.0 = Release|Any CPU
		{D59FD34C-9C4A-4601-A57E-46E862CB22BC}.Debug|Any CPU.ActiveCfg = Debug|Any CPU
		{D59FD34C-9C4A-4601-A57E-46E862CB22BC}.Debug|Any CPU.Build.0 = Debug|Any CPU
		{D59FD34C-9C4A-4601-A57E-46E862CB22BC}.Debug|x64.ActiveCfg = Debug|Any CPU
		{D59FD34C-9C4A-4601-A57E-46E862CB22BC}.Debug|x64.Build.0 = Debug|Any CPU
		{D59FD34C-9C4A-4601-A57E-46E862CB22BC}.Debug|x86.ActiveCfg = Debug|Any CPU
		{D59FD34C-9C4A-4601-A57E-46E862CB22BC}.Debug|x86.Build.0 = Debug|Any CPU
		{D59FD34C-9C4A-4601-A57E-46E862CB22BC}.Release|Any CPU.ActiveCfg = Release|Any CPU
		{D59FD34C-9C4A-4601-A57E-46E862CB22BC}.Release|Any CPU.Build.0 = Release|Any CPU
		{D59FD34C-9C4A-4601-A57E-46E862CB22BC}.Release|x64.ActiveCfg = Release|Any CPU
		{D59FD34C-9C4A-4601-A57E-46E862CB22BC}.Release|x64.Build.0 = Release|Any CPU
		{D59FD34C-9C4A-4601-A57E-46E862CB22BC}.Release|x86.ActiveCfg = Release|Any CPU
		{D59FD34C-9C4A-4601-A57E-46E862CB22BC}.Release|x86.Build.0 = Release|Any CPU
		{DE63B99A-0D8F-45A7-BB30-82EC823519B6}.Debug|Any CPU.ActiveCfg = Debug|Any CPU
		{DE63B99A-0D8F-45A7-BB30-82EC823519B6}.Debug|Any CPU.Build.0 = Debug|Any CPU
		{DE63B99A-0D8F-45A7-BB30-82EC823519B6}.Debug|x64.ActiveCfg = Debug|Any CPU
		{DE63B99A-0D8F-45A7-BB30-82EC823519B6}.Debug|x64.Build.0 = Debug|Any CPU
		{DE63B99A-0D8F-45A7-BB30-82EC823519B6}.Debug|x86.ActiveCfg = Debug|Any CPU
		{DE63B99A-0D8F-45A7-BB30-82EC823519B6}.Debug|x86.Build.0 = Debug|Any CPU
		{DE63B99A-0D8F-45A7-BB30-82EC823519B6}.Release|Any CPU.ActiveCfg = Release|Any CPU
		{DE63B99A-0D8F-45A7-BB30-82EC823519B6}.Release|Any CPU.Build.0 = Release|Any CPU
		{DE63B99A-0D8F-45A7-BB30-82EC823519B6}.Release|x64.ActiveCfg = Release|Any CPU
		{DE63B99A-0D8F-45A7-BB30-82EC823519B6}.Release|x64.Build.0 = Release|Any CPU
		{DE63B99A-0D8F-45A7-BB30-82EC823519B6}.Release|x86.ActiveCfg = Release|Any CPU
		{DE63B99A-0D8F-45A7-BB30-82EC823519B6}.Release|x86.Build.0 = Release|Any CPU
		{29B231AC-31A5-438D-AEAA-42FFB80FC435}.Debug|Any CPU.ActiveCfg = Debug|Any CPU
		{29B231AC-31A5-438D-AEAA-42FFB80FC435}.Debug|Any CPU.Build.0 = Debug|Any CPU
		{29B231AC-31A5-438D-AEAA-42FFB80FC435}.Debug|x64.ActiveCfg = Debug|Any CPU
		{29B231AC-31A5-438D-AEAA-42FFB80FC435}.Debug|x64.Build.0 = Debug|Any CPU
		{29B231AC-31A5-438D-AEAA-42FFB80FC435}.Debug|x86.ActiveCfg = Debug|Any CPU
		{29B231AC-31A5-438D-AEAA-42FFB80FC435}.Debug|x86.Build.0 = Debug|Any CPU
		{29B231AC-31A5-438D-AEAA-42FFB80FC435}.Release|Any CPU.ActiveCfg = Release|Any CPU
		{29B231AC-31A5-438D-AEAA-42FFB80FC435}.Release|Any CPU.Build.0 = Release|Any CPU
		{29B231AC-31A5-438D-AEAA-42FFB80FC435}.Release|x64.ActiveCfg = Release|Any CPU
		{29B231AC-31A5-438D-AEAA-42FFB80FC435}.Release|x64.Build.0 = Release|Any CPU
		{29B231AC-31A5-438D-AEAA-42FFB80FC435}.Release|x86.ActiveCfg = Release|Any CPU
		{29B231AC-31A5-438D-AEAA-42FFB80FC435}.Release|x86.Build.0 = Release|Any CPU
		{121B3138-1D14-4518-BAE7-2628DAAEEB8B}.Debug|Any CPU.ActiveCfg = Debug|Any CPU
		{121B3138-1D14-4518-BAE7-2628DAAEEB8B}.Debug|Any CPU.Build.0 = Debug|Any CPU
		{121B3138-1D14-4518-BAE7-2628DAAEEB8B}.Debug|x64.ActiveCfg = Debug|Any CPU
		{121B3138-1D14-4518-BAE7-2628DAAEEB8B}.Debug|x64.Build.0 = Debug|Any CPU
		{121B3138-1D14-4518-BAE7-2628DAAEEB8B}.Debug|x86.ActiveCfg = Debug|Any CPU
		{121B3138-1D14-4518-BAE7-2628DAAEEB8B}.Debug|x86.Build.0 = Debug|Any CPU
		{121B3138-1D14-4518-BAE7-2628DAAEEB8B}.Release|Any CPU.ActiveCfg = Release|Any CPU
		{121B3138-1D14-4518-BAE7-2628DAAEEB8B}.Release|Any CPU.Build.0 = Release|Any CPU
		{121B3138-1D14-4518-BAE7-2628DAAEEB8B}.Release|x64.ActiveCfg = Release|Any CPU
		{121B3138-1D14-4518-BAE7-2628DAAEEB8B}.Release|x64.Build.0 = Release|Any CPU
		{121B3138-1D14-4518-BAE7-2628DAAEEB8B}.Release|x86.ActiveCfg = Release|Any CPU
		{121B3138-1D14-4518-BAE7-2628DAAEEB8B}.Release|x86.Build.0 = Release|Any CPU
		{9F59017A-D9D0-434B-9B50-B4114E2E2332}.Debug|Any CPU.ActiveCfg = Debug|Any CPU
		{9F59017A-D9D0-434B-9B50-B4114E2E2332}.Debug|Any CPU.Build.0 = Debug|Any CPU
		{9F59017A-D9D0-434B-9B50-B4114E2E2332}.Debug|x64.ActiveCfg = Debug|Any CPU
		{9F59017A-D9D0-434B-9B50-B4114E2E2332}.Debug|x64.Build.0 = Debug|Any CPU
		{9F59017A-D9D0-434B-9B50-B4114E2E2332}.Debug|x86.ActiveCfg = Debug|Any CPU
		{9F59017A-D9D0-434B-9B50-B4114E2E2332}.Debug|x86.Build.0 = Debug|Any CPU
		{9F59017A-D9D0-434B-9B50-B4114E2E2332}.Release|Any CPU.ActiveCfg = Release|Any CPU
		{9F59017A-D9D0-434B-9B50-B4114E2E2332}.Release|Any CPU.Build.0 = Release|Any CPU
		{9F59017A-D9D0-434B-9B50-B4114E2E2332}.Release|x64.ActiveCfg = Release|Any CPU
		{9F59017A-D9D0-434B-9B50-B4114E2E2332}.Release|x64.Build.0 = Release|Any CPU
		{9F59017A-D9D0-434B-9B50-B4114E2E2332}.Release|x86.ActiveCfg = Release|Any CPU
		{9F59017A-D9D0-434B-9B50-B4114E2E2332}.Release|x86.Build.0 = Release|Any CPU
		{8467498E-1677-4102-B9C9-5AC14D3BD7B2}.Debug|Any CPU.ActiveCfg = Debug|Any CPU
		{8467498E-1677-4102-B9C9-5AC14D3BD7B2}.Debug|Any CPU.Build.0 = Debug|Any CPU
		{8467498E-1677-4102-B9C9-5AC14D3BD7B2}.Debug|x64.ActiveCfg = Debug|Any CPU
		{8467498E-1677-4102-B9C9-5AC14D3BD7B2}.Debug|x64.Build.0 = Debug|Any CPU
		{8467498E-1677-4102-B9C9-5AC14D3BD7B2}.Debug|x86.ActiveCfg = Debug|Any CPU
		{8467498E-1677-4102-B9C9-5AC14D3BD7B2}.Debug|x86.Build.0 = Debug|Any CPU
		{8467498E-1677-4102-B9C9-5AC14D3BD7B2}.Release|Any CPU.ActiveCfg = Release|Any CPU
		{8467498E-1677-4102-B9C9-5AC14D3BD7B2}.Release|Any CPU.Build.0 = Release|Any CPU
		{8467498E-1677-4102-B9C9-5AC14D3BD7B2}.Release|x64.ActiveCfg = Release|Any CPU
		{8467498E-1677-4102-B9C9-5AC14D3BD7B2}.Release|x64.Build.0 = Release|Any CPU
		{8467498E-1677-4102-B9C9-5AC14D3BD7B2}.Release|x86.ActiveCfg = Release|Any CPU
		{8467498E-1677-4102-B9C9-5AC14D3BD7B2}.Release|x86.Build.0 = Release|Any CPU
		{F9067AF0-1C14-450B-867E-20C440C30BBB}.Debug|Any CPU.ActiveCfg = Debug|Any CPU
		{F9067AF0-1C14-450B-867E-20C440C30BBB}.Debug|Any CPU.Build.0 = Debug|Any CPU
		{F9067AF0-1C14-450B-867E-20C440C30BBB}.Debug|x64.ActiveCfg = Debug|Any CPU
		{F9067AF0-1C14-450B-867E-20C440C30BBB}.Debug|x64.Build.0 = Debug|Any CPU
		{F9067AF0-1C14-450B-867E-20C440C30BBB}.Debug|x86.ActiveCfg = Debug|Any CPU
		{F9067AF0-1C14-450B-867E-20C440C30BBB}.Debug|x86.Build.0 = Debug|Any CPU
		{F9067AF0-1C14-450B-867E-20C440C30BBB}.Release|Any CPU.ActiveCfg = Release|Any CPU
		{F9067AF0-1C14-450B-867E-20C440C30BBB}.Release|Any CPU.Build.0 = Release|Any CPU
		{F9067AF0-1C14-450B-867E-20C440C30BBB}.Release|x64.ActiveCfg = Release|Any CPU
		{F9067AF0-1C14-450B-867E-20C440C30BBB}.Release|x64.Build.0 = Release|Any CPU
		{F9067AF0-1C14-450B-867E-20C440C30BBB}.Release|x86.ActiveCfg = Release|Any CPU
		{F9067AF0-1C14-450B-867E-20C440C30BBB}.Release|x86.Build.0 = Release|Any CPU
		{55AE16D4-CB69-4C9F-9DDD-0E208692728A}.Debug|Any CPU.ActiveCfg = Debug|Any CPU
		{55AE16D4-CB69-4C9F-9DDD-0E208692728A}.Debug|Any CPU.Build.0 = Debug|Any CPU
		{55AE16D4-CB69-4C9F-9DDD-0E208692728A}.Debug|x64.ActiveCfg = Debug|Any CPU
		{55AE16D4-CB69-4C9F-9DDD-0E208692728A}.Debug|x64.Build.0 = Debug|Any CPU
		{55AE16D4-CB69-4C9F-9DDD-0E208692728A}.Debug|x86.ActiveCfg = Debug|Any CPU
		{55AE16D4-CB69-4C9F-9DDD-0E208692728A}.Debug|x86.Build.0 = Debug|Any CPU
		{55AE16D4-CB69-4C9F-9DDD-0E208692728A}.Release|Any CPU.ActiveCfg = Release|Any CPU
		{55AE16D4-CB69-4C9F-9DDD-0E208692728A}.Release|Any CPU.Build.0 = Release|Any CPU
		{55AE16D4-CB69-4C9F-9DDD-0E208692728A}.Release|x64.ActiveCfg = Release|Any CPU
		{55AE16D4-CB69-4C9F-9DDD-0E208692728A}.Release|x64.Build.0 = Release|Any CPU
		{55AE16D4-CB69-4C9F-9DDD-0E208692728A}.Release|x86.ActiveCfg = Release|Any CPU
		{55AE16D4-CB69-4C9F-9DDD-0E208692728A}.Release|x86.Build.0 = Release|Any CPU
		{DDF88D06-3B67-4445-ADD1-532DF8184B27}.Debug|Any CPU.ActiveCfg = Debug|Any CPU
		{DDF88D06-3B67-4445-ADD1-532DF8184B27}.Debug|Any CPU.Build.0 = Debug|Any CPU
		{DDF88D06-3B67-4445-ADD1-532DF8184B27}.Debug|x64.ActiveCfg = Debug|Any CPU
		{DDF88D06-3B67-4445-ADD1-532DF8184B27}.Debug|x64.Build.0 = Debug|Any CPU
		{DDF88D06-3B67-4445-ADD1-532DF8184B27}.Debug|x86.ActiveCfg = Debug|Any CPU
		{DDF88D06-3B67-4445-ADD1-532DF8184B27}.Debug|x86.Build.0 = Debug|Any CPU
		{DDF88D06-3B67-4445-ADD1-532DF8184B27}.Release|Any CPU.ActiveCfg = Release|Any CPU
		{DDF88D06-3B67-4445-ADD1-532DF8184B27}.Release|Any CPU.Build.0 = Release|Any CPU
		{DDF88D06-3B67-4445-ADD1-532DF8184B27}.Release|x64.ActiveCfg = Release|Any CPU
		{DDF88D06-3B67-4445-ADD1-532DF8184B27}.Release|x64.Build.0 = Release|Any CPU
		{DDF88D06-3B67-4445-ADD1-532DF8184B27}.Release|x86.ActiveCfg = Release|Any CPU
		{DDF88D06-3B67-4445-ADD1-532DF8184B27}.Release|x86.Build.0 = Release|Any CPU
		{1E479677-BDBE-4638-8A44-EA188158CF10}.Debug|Any CPU.ActiveCfg = Debug|Any CPU
		{1E479677-BDBE-4638-8A44-EA188158CF10}.Debug|Any CPU.Build.0 = Debug|Any CPU
		{1E479677-BDBE-4638-8A44-EA188158CF10}.Debug|x64.ActiveCfg = Debug|Any CPU
		{1E479677-BDBE-4638-8A44-EA188158CF10}.Debug|x64.Build.0 = Debug|Any CPU
		{1E479677-BDBE-4638-8A44-EA188158CF10}.Debug|x86.ActiveCfg = Debug|Any CPU
		{1E479677-BDBE-4638-8A44-EA188158CF10}.Debug|x86.Build.0 = Debug|Any CPU
		{1E479677-BDBE-4638-8A44-EA188158CF10}.Release|Any CPU.ActiveCfg = Release|Any CPU
		{1E479677-BDBE-4638-8A44-EA188158CF10}.Release|Any CPU.Build.0 = Release|Any CPU
		{1E479677-BDBE-4638-8A44-EA188158CF10}.Release|x64.ActiveCfg = Release|Any CPU
		{1E479677-BDBE-4638-8A44-EA188158CF10}.Release|x64.Build.0 = Release|Any CPU
		{1E479677-BDBE-4638-8A44-EA188158CF10}.Release|x86.ActiveCfg = Release|Any CPU
		{1E479677-BDBE-4638-8A44-EA188158CF10}.Release|x86.Build.0 = Release|Any CPU
		{003A9FDE-5C90-4889-8483-0B9B050EA108}.Debug|Any CPU.ActiveCfg = Debug|Any CPU
		{003A9FDE-5C90-4889-8483-0B9B050EA108}.Debug|Any CPU.Build.0 = Debug|Any CPU
		{003A9FDE-5C90-4889-8483-0B9B050EA108}.Debug|x64.ActiveCfg = Debug|Any CPU
		{003A9FDE-5C90-4889-8483-0B9B050EA108}.Debug|x64.Build.0 = Debug|Any CPU
		{003A9FDE-5C90-4889-8483-0B9B050EA108}.Debug|x86.ActiveCfg = Debug|Any CPU
		{003A9FDE-5C90-4889-8483-0B9B050EA108}.Debug|x86.Build.0 = Debug|Any CPU
		{003A9FDE-5C90-4889-8483-0B9B050EA108}.Release|Any CPU.ActiveCfg = Release|Any CPU
		{003A9FDE-5C90-4889-8483-0B9B050EA108}.Release|Any CPU.Build.0 = Release|Any CPU
		{003A9FDE-5C90-4889-8483-0B9B050EA108}.Release|x64.ActiveCfg = Release|Any CPU
		{003A9FDE-5C90-4889-8483-0B9B050EA108}.Release|x64.Build.0 = Release|Any CPU
		{003A9FDE-5C90-4889-8483-0B9B050EA108}.Release|x86.ActiveCfg = Release|Any CPU
		{003A9FDE-5C90-4889-8483-0B9B050EA108}.Release|x86.Build.0 = Release|Any CPU
		{47AB9866-E0D4-494E-A363-0160EBBB1294}.Debug|Any CPU.ActiveCfg = Debug|Any CPU
		{47AB9866-E0D4-494E-A363-0160EBBB1294}.Debug|Any CPU.Build.0 = Debug|Any CPU
		{47AB9866-E0D4-494E-A363-0160EBBB1294}.Debug|x64.ActiveCfg = Debug|Any CPU
		{47AB9866-E0D4-494E-A363-0160EBBB1294}.Debug|x64.Build.0 = Debug|Any CPU
		{47AB9866-E0D4-494E-A363-0160EBBB1294}.Debug|x86.ActiveCfg = Debug|Any CPU
		{47AB9866-E0D4-494E-A363-0160EBBB1294}.Debug|x86.Build.0 = Debug|Any CPU
		{47AB9866-E0D4-494E-A363-0160EBBB1294}.Release|Any CPU.ActiveCfg = Release|Any CPU
		{47AB9866-E0D4-494E-A363-0160EBBB1294}.Release|Any CPU.Build.0 = Release|Any CPU
		{47AB9866-E0D4-494E-A363-0160EBBB1294}.Release|x64.ActiveCfg = Release|Any CPU
		{47AB9866-E0D4-494E-A363-0160EBBB1294}.Release|x64.Build.0 = Release|Any CPU
		{47AB9866-E0D4-494E-A363-0160EBBB1294}.Release|x86.ActiveCfg = Release|Any CPU
		{47AB9866-E0D4-494E-A363-0160EBBB1294}.Release|x86.Build.0 = Release|Any CPU
		{53019527-957B-4935-80D8-7C945B90740A}.Debug|Any CPU.ActiveCfg = Debug|Any CPU
		{53019527-957B-4935-80D8-7C945B90740A}.Debug|Any CPU.Build.0 = Debug|Any CPU
		{53019527-957B-4935-80D8-7C945B90740A}.Debug|x64.ActiveCfg = Debug|Any CPU
		{53019527-957B-4935-80D8-7C945B90740A}.Debug|x64.Build.0 = Debug|Any CPU
		{53019527-957B-4935-80D8-7C945B90740A}.Debug|x86.ActiveCfg = Debug|Any CPU
		{53019527-957B-4935-80D8-7C945B90740A}.Debug|x86.Build.0 = Debug|Any CPU
		{53019527-957B-4935-80D8-7C945B90740A}.Release|Any CPU.ActiveCfg = Release|Any CPU
		{53019527-957B-4935-80D8-7C945B90740A}.Release|Any CPU.Build.0 = Release|Any CPU
		{53019527-957B-4935-80D8-7C945B90740A}.Release|x64.ActiveCfg = Release|Any CPU
		{53019527-957B-4935-80D8-7C945B90740A}.Release|x64.Build.0 = Release|Any CPU
		{53019527-957B-4935-80D8-7C945B90740A}.Release|x86.ActiveCfg = Release|Any CPU
		{53019527-957B-4935-80D8-7C945B90740A}.Release|x86.Build.0 = Release|Any CPU
		{22662AD5-F7CF-4E00-86CF-F91C6D9C368C}.Debug|Any CPU.ActiveCfg = Debug|Any CPU
		{22662AD5-F7CF-4E00-86CF-F91C6D9C368C}.Debug|Any CPU.Build.0 = Debug|Any CPU
		{22662AD5-F7CF-4E00-86CF-F91C6D9C368C}.Debug|x64.ActiveCfg = Debug|Any CPU
		{22662AD5-F7CF-4E00-86CF-F91C6D9C368C}.Debug|x64.Build.0 = Debug|Any CPU
		{22662AD5-F7CF-4E00-86CF-F91C6D9C368C}.Debug|x86.ActiveCfg = Debug|Any CPU
		{22662AD5-F7CF-4E00-86CF-F91C6D9C368C}.Debug|x86.Build.0 = Debug|Any CPU
		{22662AD5-F7CF-4E00-86CF-F91C6D9C368C}.Release|Any CPU.ActiveCfg = Release|Any CPU
		{22662AD5-F7CF-4E00-86CF-F91C6D9C368C}.Release|Any CPU.Build.0 = Release|Any CPU
		{22662AD5-F7CF-4E00-86CF-F91C6D9C368C}.Release|x64.ActiveCfg = Release|Any CPU
		{22662AD5-F7CF-4E00-86CF-F91C6D9C368C}.Release|x64.Build.0 = Release|Any CPU
		{22662AD5-F7CF-4E00-86CF-F91C6D9C368C}.Release|x86.ActiveCfg = Release|Any CPU
		{22662AD5-F7CF-4E00-86CF-F91C6D9C368C}.Release|x86.Build.0 = Release|Any CPU
		{6A57E6D1-372F-4C27-9E58-A1FB0639D2B7}.Debug|Any CPU.ActiveCfg = Debug|Any CPU
		{6A57E6D1-372F-4C27-9E58-A1FB0639D2B7}.Debug|Any CPU.Build.0 = Debug|Any CPU
		{6A57E6D1-372F-4C27-9E58-A1FB0639D2B7}.Debug|x64.ActiveCfg = Debug|Any CPU
		{6A57E6D1-372F-4C27-9E58-A1FB0639D2B7}.Debug|x64.Build.0 = Debug|Any CPU
		{6A57E6D1-372F-4C27-9E58-A1FB0639D2B7}.Debug|x86.ActiveCfg = Debug|Any CPU
		{6A57E6D1-372F-4C27-9E58-A1FB0639D2B7}.Debug|x86.Build.0 = Debug|Any CPU
		{6A57E6D1-372F-4C27-9E58-A1FB0639D2B7}.Release|Any CPU.ActiveCfg = Release|Any CPU
		{6A57E6D1-372F-4C27-9E58-A1FB0639D2B7}.Release|Any CPU.Build.0 = Release|Any CPU
		{6A57E6D1-372F-4C27-9E58-A1FB0639D2B7}.Release|x64.ActiveCfg = Release|Any CPU
		{6A57E6D1-372F-4C27-9E58-A1FB0639D2B7}.Release|x64.Build.0 = Release|Any CPU
		{6A57E6D1-372F-4C27-9E58-A1FB0639D2B7}.Release|x86.ActiveCfg = Release|Any CPU
		{6A57E6D1-372F-4C27-9E58-A1FB0639D2B7}.Release|x86.Build.0 = Release|Any CPU
		{3FFFD59E-102E-441F-9784-4672ED9CBCC4}.Debug|Any CPU.ActiveCfg = Debug|Any CPU
		{3FFFD59E-102E-441F-9784-4672ED9CBCC4}.Debug|Any CPU.Build.0 = Debug|Any CPU
		{3FFFD59E-102E-441F-9784-4672ED9CBCC4}.Debug|x64.ActiveCfg = Debug|Any CPU
		{3FFFD59E-102E-441F-9784-4672ED9CBCC4}.Debug|x64.Build.0 = Debug|Any CPU
		{3FFFD59E-102E-441F-9784-4672ED9CBCC4}.Debug|x86.ActiveCfg = Debug|Any CPU
		{3FFFD59E-102E-441F-9784-4672ED9CBCC4}.Debug|x86.Build.0 = Debug|Any CPU
		{3FFFD59E-102E-441F-9784-4672ED9CBCC4}.Release|Any CPU.ActiveCfg = Release|Any CPU
		{3FFFD59E-102E-441F-9784-4672ED9CBCC4}.Release|Any CPU.Build.0 = Release|Any CPU
		{3FFFD59E-102E-441F-9784-4672ED9CBCC4}.Release|x64.ActiveCfg = Release|Any CPU
		{3FFFD59E-102E-441F-9784-4672ED9CBCC4}.Release|x64.Build.0 = Release|Any CPU
		{3FFFD59E-102E-441F-9784-4672ED9CBCC4}.Release|x86.ActiveCfg = Release|Any CPU
		{3FFFD59E-102E-441F-9784-4672ED9CBCC4}.Release|x86.Build.0 = Release|Any CPU
		{51FCA68C-C5A2-4075-8471-298232955EE3}.Debug|Any CPU.ActiveCfg = Debug|Any CPU
		{51FCA68C-C5A2-4075-8471-298232955EE3}.Debug|Any CPU.Build.0 = Debug|Any CPU
		{51FCA68C-C5A2-4075-8471-298232955EE3}.Debug|x64.ActiveCfg = Debug|Any CPU
		{51FCA68C-C5A2-4075-8471-298232955EE3}.Debug|x64.Build.0 = Debug|Any CPU
		{51FCA68C-C5A2-4075-8471-298232955EE3}.Debug|x86.ActiveCfg = Debug|Any CPU
		{51FCA68C-C5A2-4075-8471-298232955EE3}.Debug|x86.Build.0 = Debug|Any CPU
		{51FCA68C-C5A2-4075-8471-298232955EE3}.Release|Any CPU.ActiveCfg = Release|Any CPU
		{51FCA68C-C5A2-4075-8471-298232955EE3}.Release|Any CPU.Build.0 = Release|Any CPU
		{51FCA68C-C5A2-4075-8471-298232955EE3}.Release|x64.ActiveCfg = Release|Any CPU
		{51FCA68C-C5A2-4075-8471-298232955EE3}.Release|x64.Build.0 = Release|Any CPU
		{51FCA68C-C5A2-4075-8471-298232955EE3}.Release|x86.ActiveCfg = Release|Any CPU
		{51FCA68C-C5A2-4075-8471-298232955EE3}.Release|x86.Build.0 = Release|Any CPU
		{6CBE3B79-FB97-4581-BE20-6D13C2CA9FE3}.Debug|Any CPU.ActiveCfg = Debug|Any CPU
		{6CBE3B79-FB97-4581-BE20-6D13C2CA9FE3}.Debug|Any CPU.Build.0 = Debug|Any CPU
		{6CBE3B79-FB97-4581-BE20-6D13C2CA9FE3}.Debug|x64.ActiveCfg = Debug|Any CPU
		{6CBE3B79-FB97-4581-BE20-6D13C2CA9FE3}.Debug|x64.Build.0 = Debug|Any CPU
		{6CBE3B79-FB97-4581-BE20-6D13C2CA9FE3}.Debug|x86.ActiveCfg = Debug|Any CPU
		{6CBE3B79-FB97-4581-BE20-6D13C2CA9FE3}.Debug|x86.Build.0 = Debug|Any CPU
		{6CBE3B79-FB97-4581-BE20-6D13C2CA9FE3}.Release|Any CPU.ActiveCfg = Release|Any CPU
		{6CBE3B79-FB97-4581-BE20-6D13C2CA9FE3}.Release|Any CPU.Build.0 = Release|Any CPU
		{6CBE3B79-FB97-4581-BE20-6D13C2CA9FE3}.Release|x64.ActiveCfg = Release|Any CPU
		{6CBE3B79-FB97-4581-BE20-6D13C2CA9FE3}.Release|x64.Build.0 = Release|Any CPU
		{6CBE3B79-FB97-4581-BE20-6D13C2CA9FE3}.Release|x86.ActiveCfg = Release|Any CPU
		{6CBE3B79-FB97-4581-BE20-6D13C2CA9FE3}.Release|x86.Build.0 = Release|Any CPU
		{2A892B36-85D2-4573-828D-B5FE267FCAE9}.Debug|Any CPU.ActiveCfg = Debug|Any CPU
		{2A892B36-85D2-4573-828D-B5FE267FCAE9}.Debug|Any CPU.Build.0 = Debug|Any CPU
		{2A892B36-85D2-4573-828D-B5FE267FCAE9}.Debug|x64.ActiveCfg = Debug|Any CPU
		{2A892B36-85D2-4573-828D-B5FE267FCAE9}.Debug|x64.Build.0 = Debug|Any CPU
		{2A892B36-85D2-4573-828D-B5FE267FCAE9}.Debug|x86.ActiveCfg = Debug|Any CPU
		{2A892B36-85D2-4573-828D-B5FE267FCAE9}.Debug|x86.Build.0 = Debug|Any CPU
		{2A892B36-85D2-4573-828D-B5FE267FCAE9}.Release|Any CPU.ActiveCfg = Release|Any CPU
		{2A892B36-85D2-4573-828D-B5FE267FCAE9}.Release|Any CPU.Build.0 = Release|Any CPU
		{2A892B36-85D2-4573-828D-B5FE267FCAE9}.Release|x64.ActiveCfg = Release|Any CPU
		{2A892B36-85D2-4573-828D-B5FE267FCAE9}.Release|x64.Build.0 = Release|Any CPU
		{2A892B36-85D2-4573-828D-B5FE267FCAE9}.Release|x86.ActiveCfg = Release|Any CPU
		{2A892B36-85D2-4573-828D-B5FE267FCAE9}.Release|x86.Build.0 = Release|Any CPU
		{FC3E6F6E-F4D0-4D2C-9F7E-970C6CF41D93}.Debug|Any CPU.ActiveCfg = Debug|Any CPU
		{FC3E6F6E-F4D0-4D2C-9F7E-970C6CF41D93}.Debug|Any CPU.Build.0 = Debug|Any CPU
		{FC3E6F6E-F4D0-4D2C-9F7E-970C6CF41D93}.Debug|x64.ActiveCfg = Debug|Any CPU
		{FC3E6F6E-F4D0-4D2C-9F7E-970C6CF41D93}.Debug|x64.Build.0 = Debug|Any CPU
		{FC3E6F6E-F4D0-4D2C-9F7E-970C6CF41D93}.Debug|x86.ActiveCfg = Debug|Any CPU
		{FC3E6F6E-F4D0-4D2C-9F7E-970C6CF41D93}.Debug|x86.Build.0 = Debug|Any CPU
		{FC3E6F6E-F4D0-4D2C-9F7E-970C6CF41D93}.Release|Any CPU.ActiveCfg = Release|Any CPU
		{FC3E6F6E-F4D0-4D2C-9F7E-970C6CF41D93}.Release|Any CPU.Build.0 = Release|Any CPU
		{FC3E6F6E-F4D0-4D2C-9F7E-970C6CF41D93}.Release|x64.ActiveCfg = Release|Any CPU
		{FC3E6F6E-F4D0-4D2C-9F7E-970C6CF41D93}.Release|x64.Build.0 = Release|Any CPU
		{FC3E6F6E-F4D0-4D2C-9F7E-970C6CF41D93}.Release|x86.ActiveCfg = Release|Any CPU
		{FC3E6F6E-F4D0-4D2C-9F7E-970C6CF41D93}.Release|x86.Build.0 = Release|Any CPU
		{16EF7DF7-7CB0-4F50-AE76-F70A99D031F5}.Debug|Any CPU.ActiveCfg = Debug|Any CPU
		{16EF7DF7-7CB0-4F50-AE76-F70A99D031F5}.Debug|Any CPU.Build.0 = Debug|Any CPU
		{16EF7DF7-7CB0-4F50-AE76-F70A99D031F5}.Debug|x64.ActiveCfg = Debug|Any CPU
		{16EF7DF7-7CB0-4F50-AE76-F70A99D031F5}.Debug|x64.Build.0 = Debug|Any CPU
		{16EF7DF7-7CB0-4F50-AE76-F70A99D031F5}.Debug|x86.ActiveCfg = Debug|Any CPU
		{16EF7DF7-7CB0-4F50-AE76-F70A99D031F5}.Debug|x86.Build.0 = Debug|Any CPU
		{16EF7DF7-7CB0-4F50-AE76-F70A99D031F5}.Release|Any CPU.ActiveCfg = Release|Any CPU
		{16EF7DF7-7CB0-4F50-AE76-F70A99D031F5}.Release|Any CPU.Build.0 = Release|Any CPU
		{16EF7DF7-7CB0-4F50-AE76-F70A99D031F5}.Release|x64.ActiveCfg = Release|Any CPU
		{16EF7DF7-7CB0-4F50-AE76-F70A99D031F5}.Release|x64.Build.0 = Release|Any CPU
		{16EF7DF7-7CB0-4F50-AE76-F70A99D031F5}.Release|x86.ActiveCfg = Release|Any CPU
		{16EF7DF7-7CB0-4F50-AE76-F70A99D031F5}.Release|x86.Build.0 = Release|Any CPU
		{4F82E1CF-C6BB-487A-8304-9808EBF6025D}.Debug|Any CPU.ActiveCfg = Debug|Any CPU
		{4F82E1CF-C6BB-487A-8304-9808EBF6025D}.Debug|Any CPU.Build.0 = Debug|Any CPU
		{4F82E1CF-C6BB-487A-8304-9808EBF6025D}.Debug|x64.ActiveCfg = Debug|Any CPU
		{4F82E1CF-C6BB-487A-8304-9808EBF6025D}.Debug|x64.Build.0 = Debug|Any CPU
		{4F82E1CF-C6BB-487A-8304-9808EBF6025D}.Debug|x86.ActiveCfg = Debug|Any CPU
		{4F82E1CF-C6BB-487A-8304-9808EBF6025D}.Debug|x86.Build.0 = Debug|Any CPU
		{4F82E1CF-C6BB-487A-8304-9808EBF6025D}.Release|Any CPU.ActiveCfg = Release|Any CPU
		{4F82E1CF-C6BB-487A-8304-9808EBF6025D}.Release|Any CPU.Build.0 = Release|Any CPU
		{4F82E1CF-C6BB-487A-8304-9808EBF6025D}.Release|x64.ActiveCfg = Release|Any CPU
		{4F82E1CF-C6BB-487A-8304-9808EBF6025D}.Release|x64.Build.0 = Release|Any CPU
		{4F82E1CF-C6BB-487A-8304-9808EBF6025D}.Release|x86.ActiveCfg = Release|Any CPU
		{4F82E1CF-C6BB-487A-8304-9808EBF6025D}.Release|x86.Build.0 = Release|Any CPU
		{68D55433-7C8E-4022-A90E-092081E10393}.Debug|Any CPU.ActiveCfg = Debug|Any CPU
		{68D55433-7C8E-4022-A90E-092081E10393}.Debug|Any CPU.Build.0 = Debug|Any CPU
		{68D55433-7C8E-4022-A90E-092081E10393}.Debug|x64.ActiveCfg = Debug|Any CPU
		{68D55433-7C8E-4022-A90E-092081E10393}.Debug|x64.Build.0 = Debug|Any CPU
		{68D55433-7C8E-4022-A90E-092081E10393}.Debug|x86.ActiveCfg = Debug|Any CPU
		{68D55433-7C8E-4022-A90E-092081E10393}.Debug|x86.Build.0 = Debug|Any CPU
		{68D55433-7C8E-4022-A90E-092081E10393}.Release|Any CPU.ActiveCfg = Release|Any CPU
		{68D55433-7C8E-4022-A90E-092081E10393}.Release|Any CPU.Build.0 = Release|Any CPU
		{68D55433-7C8E-4022-A90E-092081E10393}.Release|x64.ActiveCfg = Release|Any CPU
		{68D55433-7C8E-4022-A90E-092081E10393}.Release|x64.Build.0 = Release|Any CPU
		{68D55433-7C8E-4022-A90E-092081E10393}.Release|x86.ActiveCfg = Release|Any CPU
		{68D55433-7C8E-4022-A90E-092081E10393}.Release|x86.Build.0 = Release|Any CPU
		{59EA37D4-F7A6-4EA1-9642-7D626B7CF340}.Debug|Any CPU.ActiveCfg = Debug|Any CPU
		{59EA37D4-F7A6-4EA1-9642-7D626B7CF340}.Debug|Any CPU.Build.0 = Debug|Any CPU
		{59EA37D4-F7A6-4EA1-9642-7D626B7CF340}.Debug|x64.ActiveCfg = Debug|Any CPU
		{59EA37D4-F7A6-4EA1-9642-7D626B7CF340}.Debug|x64.Build.0 = Debug|Any CPU
		{59EA37D4-F7A6-4EA1-9642-7D626B7CF340}.Debug|x86.ActiveCfg = Debug|Any CPU
		{59EA37D4-F7A6-4EA1-9642-7D626B7CF340}.Debug|x86.Build.0 = Debug|Any CPU
		{59EA37D4-F7A6-4EA1-9642-7D626B7CF340}.Release|Any CPU.ActiveCfg = Release|Any CPU
		{59EA37D4-F7A6-4EA1-9642-7D626B7CF340}.Release|Any CPU.Build.0 = Release|Any CPU
		{59EA37D4-F7A6-4EA1-9642-7D626B7CF340}.Release|x64.ActiveCfg = Release|Any CPU
		{59EA37D4-F7A6-4EA1-9642-7D626B7CF340}.Release|x64.Build.0 = Release|Any CPU
		{59EA37D4-F7A6-4EA1-9642-7D626B7CF340}.Release|x86.ActiveCfg = Release|Any CPU
		{59EA37D4-F7A6-4EA1-9642-7D626B7CF340}.Release|x86.Build.0 = Release|Any CPU
		{CA4A80D7-28C7-4544-804E-572D367E58CB}.Debug|Any CPU.ActiveCfg = Debug|Any CPU
		{CA4A80D7-28C7-4544-804E-572D367E58CB}.Debug|Any CPU.Build.0 = Debug|Any CPU
		{CA4A80D7-28C7-4544-804E-572D367E58CB}.Debug|x64.ActiveCfg = Debug|Any CPU
		{CA4A80D7-28C7-4544-804E-572D367E58CB}.Debug|x64.Build.0 = Debug|Any CPU
		{CA4A80D7-28C7-4544-804E-572D367E58CB}.Debug|x86.ActiveCfg = Debug|Any CPU
		{CA4A80D7-28C7-4544-804E-572D367E58CB}.Debug|x86.Build.0 = Debug|Any CPU
		{CA4A80D7-28C7-4544-804E-572D367E58CB}.Release|Any CPU.ActiveCfg = Release|Any CPU
		{CA4A80D7-28C7-4544-804E-572D367E58CB}.Release|Any CPU.Build.0 = Release|Any CPU
		{CA4A80D7-28C7-4544-804E-572D367E58CB}.Release|x64.ActiveCfg = Release|Any CPU
		{CA4A80D7-28C7-4544-804E-572D367E58CB}.Release|x64.Build.0 = Release|Any CPU
		{CA4A80D7-28C7-4544-804E-572D367E58CB}.Release|x86.ActiveCfg = Release|Any CPU
		{CA4A80D7-28C7-4544-804E-572D367E58CB}.Release|x86.Build.0 = Release|Any CPU
		{6D90611B-A3FF-45C7-BBA2-A839B5E3FD82}.Debug|Any CPU.ActiveCfg = Debug|Any CPU
		{6D90611B-A3FF-45C7-BBA2-A839B5E3FD82}.Debug|Any CPU.Build.0 = Debug|Any CPU
		{6D90611B-A3FF-45C7-BBA2-A839B5E3FD82}.Debug|x64.ActiveCfg = Debug|Any CPU
		{6D90611B-A3FF-45C7-BBA2-A839B5E3FD82}.Debug|x64.Build.0 = Debug|Any CPU
		{6D90611B-A3FF-45C7-BBA2-A839B5E3FD82}.Debug|x86.ActiveCfg = Debug|Any CPU
		{6D90611B-A3FF-45C7-BBA2-A839B5E3FD82}.Debug|x86.Build.0 = Debug|Any CPU
		{6D90611B-A3FF-45C7-BBA2-A839B5E3FD82}.Release|Any CPU.ActiveCfg = Release|Any CPU
		{6D90611B-A3FF-45C7-BBA2-A839B5E3FD82}.Release|Any CPU.Build.0 = Release|Any CPU
		{6D90611B-A3FF-45C7-BBA2-A839B5E3FD82}.Release|x64.ActiveCfg = Release|Any CPU
		{6D90611B-A3FF-45C7-BBA2-A839B5E3FD82}.Release|x64.Build.0 = Release|Any CPU
		{6D90611B-A3FF-45C7-BBA2-A839B5E3FD82}.Release|x86.ActiveCfg = Release|Any CPU
		{6D90611B-A3FF-45C7-BBA2-A839B5E3FD82}.Release|x86.Build.0 = Release|Any CPU
		{F718CCBD-382B-4802-B3BA-8AC01C3B15D2}.Debug|Any CPU.ActiveCfg = Debug|Any CPU
		{F718CCBD-382B-4802-B3BA-8AC01C3B15D2}.Debug|Any CPU.Build.0 = Debug|Any CPU
		{F718CCBD-382B-4802-B3BA-8AC01C3B15D2}.Debug|x64.ActiveCfg = Debug|Any CPU
		{F718CCBD-382B-4802-B3BA-8AC01C3B15D2}.Debug|x64.Build.0 = Debug|Any CPU
		{F718CCBD-382B-4802-B3BA-8AC01C3B15D2}.Debug|x86.ActiveCfg = Debug|Any CPU
		{F718CCBD-382B-4802-B3BA-8AC01C3B15D2}.Debug|x86.Build.0 = Debug|Any CPU
		{F718CCBD-382B-4802-B3BA-8AC01C3B15D2}.Release|Any CPU.ActiveCfg = Release|Any CPU
		{F718CCBD-382B-4802-B3BA-8AC01C3B15D2}.Release|Any CPU.Build.0 = Release|Any CPU
		{F718CCBD-382B-4802-B3BA-8AC01C3B15D2}.Release|x64.ActiveCfg = Release|Any CPU
		{F718CCBD-382B-4802-B3BA-8AC01C3B15D2}.Release|x64.Build.0 = Release|Any CPU
		{F718CCBD-382B-4802-B3BA-8AC01C3B15D2}.Release|x86.ActiveCfg = Release|Any CPU
		{F718CCBD-382B-4802-B3BA-8AC01C3B15D2}.Release|x86.Build.0 = Release|Any CPU
		{B52733D6-E63D-4728-B346-B92FC27A22F9}.Debug|Any CPU.ActiveCfg = Debug|Any CPU
		{B52733D6-E63D-4728-B346-B92FC27A22F9}.Debug|Any CPU.Build.0 = Debug|Any CPU
		{B52733D6-E63D-4728-B346-B92FC27A22F9}.Debug|x64.ActiveCfg = Debug|Any CPU
		{B52733D6-E63D-4728-B346-B92FC27A22F9}.Debug|x64.Build.0 = Debug|Any CPU
		{B52733D6-E63D-4728-B346-B92FC27A22F9}.Debug|x86.ActiveCfg = Debug|Any CPU
		{B52733D6-E63D-4728-B346-B92FC27A22F9}.Debug|x86.Build.0 = Debug|Any CPU
		{B52733D6-E63D-4728-B346-B92FC27A22F9}.Release|Any CPU.ActiveCfg = Release|Any CPU
		{B52733D6-E63D-4728-B346-B92FC27A22F9}.Release|Any CPU.Build.0 = Release|Any CPU
		{B52733D6-E63D-4728-B346-B92FC27A22F9}.Release|x64.ActiveCfg = Release|Any CPU
		{B52733D6-E63D-4728-B346-B92FC27A22F9}.Release|x64.Build.0 = Release|Any CPU
		{B52733D6-E63D-4728-B346-B92FC27A22F9}.Release|x86.ActiveCfg = Release|Any CPU
		{B52733D6-E63D-4728-B346-B92FC27A22F9}.Release|x86.Build.0 = Release|Any CPU
		{87586920-3D64-466F-A26D-9D5324BA6CD3}.Debug|Any CPU.ActiveCfg = Debug|Any CPU
		{87586920-3D64-466F-A26D-9D5324BA6CD3}.Debug|Any CPU.Build.0 = Debug|Any CPU
		{87586920-3D64-466F-A26D-9D5324BA6CD3}.Debug|x64.ActiveCfg = Debug|Any CPU
		{87586920-3D64-466F-A26D-9D5324BA6CD3}.Debug|x64.Build.0 = Debug|Any CPU
		{87586920-3D64-466F-A26D-9D5324BA6CD3}.Debug|x86.ActiveCfg = Debug|Any CPU
		{87586920-3D64-466F-A26D-9D5324BA6CD3}.Debug|x86.Build.0 = Debug|Any CPU
		{87586920-3D64-466F-A26D-9D5324BA6CD3}.Release|Any CPU.ActiveCfg = Release|Any CPU
		{87586920-3D64-466F-A26D-9D5324BA6CD3}.Release|Any CPU.Build.0 = Release|Any CPU
		{87586920-3D64-466F-A26D-9D5324BA6CD3}.Release|x64.ActiveCfg = Release|Any CPU
		{87586920-3D64-466F-A26D-9D5324BA6CD3}.Release|x64.Build.0 = Release|Any CPU
		{87586920-3D64-466F-A26D-9D5324BA6CD3}.Release|x86.ActiveCfg = Release|Any CPU
		{87586920-3D64-466F-A26D-9D5324BA6CD3}.Release|x86.Build.0 = Release|Any CPU
		{D48F16FE-70D1-4D46-BAD9-E8E6008BDE12}.Debug|Any CPU.ActiveCfg = Debug|Any CPU
		{D48F16FE-70D1-4D46-BAD9-E8E6008BDE12}.Debug|Any CPU.Build.0 = Debug|Any CPU
		{D48F16FE-70D1-4D46-BAD9-E8E6008BDE12}.Debug|x64.ActiveCfg = Debug|Any CPU
		{D48F16FE-70D1-4D46-BAD9-E8E6008BDE12}.Debug|x64.Build.0 = Debug|Any CPU
		{D48F16FE-70D1-4D46-BAD9-E8E6008BDE12}.Debug|x86.ActiveCfg = Debug|Any CPU
		{D48F16FE-70D1-4D46-BAD9-E8E6008BDE12}.Debug|x86.Build.0 = Debug|Any CPU
		{D48F16FE-70D1-4D46-BAD9-E8E6008BDE12}.Release|Any CPU.ActiveCfg = Release|Any CPU
		{D48F16FE-70D1-4D46-BAD9-E8E6008BDE12}.Release|Any CPU.Build.0 = Release|Any CPU
		{D48F16FE-70D1-4D46-BAD9-E8E6008BDE12}.Release|x64.ActiveCfg = Release|Any CPU
		{D48F16FE-70D1-4D46-BAD9-E8E6008BDE12}.Release|x64.Build.0 = Release|Any CPU
		{D48F16FE-70D1-4D46-BAD9-E8E6008BDE12}.Release|x86.ActiveCfg = Release|Any CPU
		{D48F16FE-70D1-4D46-BAD9-E8E6008BDE12}.Release|x86.Build.0 = Release|Any CPU
		{3EEFBA3C-39DC-43A1-A93E-5DAEED1ED80A}.Debug|Any CPU.ActiveCfg = Debug|Any CPU
		{3EEFBA3C-39DC-43A1-A93E-5DAEED1ED80A}.Debug|Any CPU.Build.0 = Debug|Any CPU
		{3EEFBA3C-39DC-43A1-A93E-5DAEED1ED80A}.Debug|x64.ActiveCfg = Debug|Any CPU
		{3EEFBA3C-39DC-43A1-A93E-5DAEED1ED80A}.Debug|x64.Build.0 = Debug|Any CPU
		{3EEFBA3C-39DC-43A1-A93E-5DAEED1ED80A}.Debug|x86.ActiveCfg = Debug|Any CPU
		{3EEFBA3C-39DC-43A1-A93E-5DAEED1ED80A}.Debug|x86.Build.0 = Debug|Any CPU
		{3EEFBA3C-39DC-43A1-A93E-5DAEED1ED80A}.Release|Any CPU.ActiveCfg = Release|Any CPU
		{3EEFBA3C-39DC-43A1-A93E-5DAEED1ED80A}.Release|Any CPU.Build.0 = Release|Any CPU
		{3EEFBA3C-39DC-43A1-A93E-5DAEED1ED80A}.Release|x64.ActiveCfg = Release|Any CPU
		{3EEFBA3C-39DC-43A1-A93E-5DAEED1ED80A}.Release|x64.Build.0 = Release|Any CPU
		{3EEFBA3C-39DC-43A1-A93E-5DAEED1ED80A}.Release|x86.ActiveCfg = Release|Any CPU
		{3EEFBA3C-39DC-43A1-A93E-5DAEED1ED80A}.Release|x86.Build.0 = Release|Any CPU
		{9257A1C9-39D8-4B38-A998-B125C4ED8D15}.Debug|Any CPU.ActiveCfg = Debug|Any CPU
		{9257A1C9-39D8-4B38-A998-B125C4ED8D15}.Debug|Any CPU.Build.0 = Debug|Any CPU
		{9257A1C9-39D8-4B38-A998-B125C4ED8D15}.Debug|x64.ActiveCfg = Debug|Any CPU
		{9257A1C9-39D8-4B38-A998-B125C4ED8D15}.Debug|x64.Build.0 = Debug|Any CPU
		{9257A1C9-39D8-4B38-A998-B125C4ED8D15}.Debug|x86.ActiveCfg = Debug|Any CPU
		{9257A1C9-39D8-4B38-A998-B125C4ED8D15}.Debug|x86.Build.0 = Debug|Any CPU
		{9257A1C9-39D8-4B38-A998-B125C4ED8D15}.Release|Any CPU.ActiveCfg = Release|Any CPU
		{9257A1C9-39D8-4B38-A998-B125C4ED8D15}.Release|Any CPU.Build.0 = Release|Any CPU
		{9257A1C9-39D8-4B38-A998-B125C4ED8D15}.Release|x64.ActiveCfg = Release|Any CPU
		{9257A1C9-39D8-4B38-A998-B125C4ED8D15}.Release|x64.Build.0 = Release|Any CPU
		{9257A1C9-39D8-4B38-A998-B125C4ED8D15}.Release|x86.ActiveCfg = Release|Any CPU
		{9257A1C9-39D8-4B38-A998-B125C4ED8D15}.Release|x86.Build.0 = Release|Any CPU
		{5FCAEB63-1D09-41EA-995F-F583149CF716}.Debug|Any CPU.ActiveCfg = Debug|Any CPU
		{5FCAEB63-1D09-41EA-995F-F583149CF716}.Debug|Any CPU.Build.0 = Debug|Any CPU
		{5FCAEB63-1D09-41EA-995F-F583149CF716}.Debug|x64.ActiveCfg = Debug|Any CPU
		{5FCAEB63-1D09-41EA-995F-F583149CF716}.Debug|x64.Build.0 = Debug|Any CPU
		{5FCAEB63-1D09-41EA-995F-F583149CF716}.Debug|x86.ActiveCfg = Debug|Any CPU
		{5FCAEB63-1D09-41EA-995F-F583149CF716}.Debug|x86.Build.0 = Debug|Any CPU
		{5FCAEB63-1D09-41EA-995F-F583149CF716}.Release|Any CPU.ActiveCfg = Release|Any CPU
		{5FCAEB63-1D09-41EA-995F-F583149CF716}.Release|Any CPU.Build.0 = Release|Any CPU
		{5FCAEB63-1D09-41EA-995F-F583149CF716}.Release|x64.ActiveCfg = Release|Any CPU
		{5FCAEB63-1D09-41EA-995F-F583149CF716}.Release|x64.Build.0 = Release|Any CPU
		{5FCAEB63-1D09-41EA-995F-F583149CF716}.Release|x86.ActiveCfg = Release|Any CPU
		{5FCAEB63-1D09-41EA-995F-F583149CF716}.Release|x86.Build.0 = Release|Any CPU
		{0F15DF17-B24C-47BF-8616-FD224CC590A5}.Debug|Any CPU.ActiveCfg = Debug|Any CPU
		{0F15DF17-B24C-47BF-8616-FD224CC590A5}.Debug|Any CPU.Build.0 = Debug|Any CPU
		{0F15DF17-B24C-47BF-8616-FD224CC590A5}.Debug|x64.ActiveCfg = Debug|Any CPU
		{0F15DF17-B24C-47BF-8616-FD224CC590A5}.Debug|x64.Build.0 = Debug|Any CPU
		{0F15DF17-B24C-47BF-8616-FD224CC590A5}.Debug|x86.ActiveCfg = Debug|Any CPU
		{0F15DF17-B24C-47BF-8616-FD224CC590A5}.Debug|x86.Build.0 = Debug|Any CPU
		{0F15DF17-B24C-47BF-8616-FD224CC590A5}.Release|Any CPU.ActiveCfg = Release|Any CPU
		{0F15DF17-B24C-47BF-8616-FD224CC590A5}.Release|Any CPU.Build.0 = Release|Any CPU
		{0F15DF17-B24C-47BF-8616-FD224CC590A5}.Release|x64.ActiveCfg = Release|Any CPU
		{0F15DF17-B24C-47BF-8616-FD224CC590A5}.Release|x64.Build.0 = Release|Any CPU
		{0F15DF17-B24C-47BF-8616-FD224CC590A5}.Release|x86.ActiveCfg = Release|Any CPU
		{0F15DF17-B24C-47BF-8616-FD224CC590A5}.Release|x86.Build.0 = Release|Any CPU
		{7ABE9AC3-F703-45C5-B42E-3FBA15632C32}.Debug|Any CPU.ActiveCfg = Debug|Any CPU
		{7ABE9AC3-F703-45C5-B42E-3FBA15632C32}.Debug|Any CPU.Build.0 = Debug|Any CPU
		{7ABE9AC3-F703-45C5-B42E-3FBA15632C32}.Debug|x64.ActiveCfg = Debug|Any CPU
		{7ABE9AC3-F703-45C5-B42E-3FBA15632C32}.Debug|x64.Build.0 = Debug|Any CPU
		{7ABE9AC3-F703-45C5-B42E-3FBA15632C32}.Debug|x86.ActiveCfg = Debug|Any CPU
		{7ABE9AC3-F703-45C5-B42E-3FBA15632C32}.Debug|x86.Build.0 = Debug|Any CPU
		{7ABE9AC3-F703-45C5-B42E-3FBA15632C32}.Release|Any CPU.ActiveCfg = Release|Any CPU
		{7ABE9AC3-F703-45C5-B42E-3FBA15632C32}.Release|Any CPU.Build.0 = Release|Any CPU
		{7ABE9AC3-F703-45C5-B42E-3FBA15632C32}.Release|x64.ActiveCfg = Release|Any CPU
		{7ABE9AC3-F703-45C5-B42E-3FBA15632C32}.Release|x64.Build.0 = Release|Any CPU
		{7ABE9AC3-F703-45C5-B42E-3FBA15632C32}.Release|x86.ActiveCfg = Release|Any CPU
		{7ABE9AC3-F703-45C5-B42E-3FBA15632C32}.Release|x86.Build.0 = Release|Any CPU
		{40F1CD12-C6B6-47B9-8243-ACE2D8415117}.Debug|Any CPU.ActiveCfg = Debug|Any CPU
		{40F1CD12-C6B6-47B9-8243-ACE2D8415117}.Debug|Any CPU.Build.0 = Debug|Any CPU
		{40F1CD12-C6B6-47B9-8243-ACE2D8415117}.Debug|x64.ActiveCfg = Debug|Any CPU
		{40F1CD12-C6B6-47B9-8243-ACE2D8415117}.Debug|x64.Build.0 = Debug|Any CPU
		{40F1CD12-C6B6-47B9-8243-ACE2D8415117}.Debug|x86.ActiveCfg = Debug|Any CPU
		{40F1CD12-C6B6-47B9-8243-ACE2D8415117}.Debug|x86.Build.0 = Debug|Any CPU
		{40F1CD12-C6B6-47B9-8243-ACE2D8415117}.Release|Any CPU.ActiveCfg = Release|Any CPU
		{40F1CD12-C6B6-47B9-8243-ACE2D8415117}.Release|Any CPU.Build.0 = Release|Any CPU
		{40F1CD12-C6B6-47B9-8243-ACE2D8415117}.Release|x64.ActiveCfg = Release|Any CPU
		{40F1CD12-C6B6-47B9-8243-ACE2D8415117}.Release|x64.Build.0 = Release|Any CPU
		{40F1CD12-C6B6-47B9-8243-ACE2D8415117}.Release|x86.ActiveCfg = Release|Any CPU
		{40F1CD12-C6B6-47B9-8243-ACE2D8415117}.Release|x86.Build.0 = Release|Any CPU
		{A9A0133F-DBC7-44E2-B751-E27EDF4C9304}.Debug|Any CPU.ActiveCfg = Debug|Any CPU
		{A9A0133F-DBC7-44E2-B751-E27EDF4C9304}.Debug|Any CPU.Build.0 = Debug|Any CPU
		{A9A0133F-DBC7-44E2-B751-E27EDF4C9304}.Debug|x64.ActiveCfg = Debug|Any CPU
		{A9A0133F-DBC7-44E2-B751-E27EDF4C9304}.Debug|x64.Build.0 = Debug|Any CPU
		{A9A0133F-DBC7-44E2-B751-E27EDF4C9304}.Debug|x86.ActiveCfg = Debug|Any CPU
		{A9A0133F-DBC7-44E2-B751-E27EDF4C9304}.Debug|x86.Build.0 = Debug|Any CPU
		{A9A0133F-DBC7-44E2-B751-E27EDF4C9304}.Release|Any CPU.ActiveCfg = Release|Any CPU
		{A9A0133F-DBC7-44E2-B751-E27EDF4C9304}.Release|Any CPU.Build.0 = Release|Any CPU
		{A9A0133F-DBC7-44E2-B751-E27EDF4C9304}.Release|x64.ActiveCfg = Release|Any CPU
		{A9A0133F-DBC7-44E2-B751-E27EDF4C9304}.Release|x64.Build.0 = Release|Any CPU
		{A9A0133F-DBC7-44E2-B751-E27EDF4C9304}.Release|x86.ActiveCfg = Release|Any CPU
		{A9A0133F-DBC7-44E2-B751-E27EDF4C9304}.Release|x86.Build.0 = Release|Any CPU
		{685EF7DA-FAD9-47D2-82F4-C7B74DE35C15}.Debug|Any CPU.ActiveCfg = Debug|Any CPU
		{685EF7DA-FAD9-47D2-82F4-C7B74DE35C15}.Debug|Any CPU.Build.0 = Debug|Any CPU
		{685EF7DA-FAD9-47D2-82F4-C7B74DE35C15}.Debug|x64.ActiveCfg = Debug|Any CPU
		{685EF7DA-FAD9-47D2-82F4-C7B74DE35C15}.Debug|x64.Build.0 = Debug|Any CPU
		{685EF7DA-FAD9-47D2-82F4-C7B74DE35C15}.Debug|x86.ActiveCfg = Debug|Any CPU
		{685EF7DA-FAD9-47D2-82F4-C7B74DE35C15}.Debug|x86.Build.0 = Debug|Any CPU
		{685EF7DA-FAD9-47D2-82F4-C7B74DE35C15}.Release|Any CPU.ActiveCfg = Release|Any CPU
		{685EF7DA-FAD9-47D2-82F4-C7B74DE35C15}.Release|Any CPU.Build.0 = Release|Any CPU
		{685EF7DA-FAD9-47D2-82F4-C7B74DE35C15}.Release|x64.ActiveCfg = Release|Any CPU
		{685EF7DA-FAD9-47D2-82F4-C7B74DE35C15}.Release|x64.Build.0 = Release|Any CPU
		{685EF7DA-FAD9-47D2-82F4-C7B74DE35C15}.Release|x86.ActiveCfg = Release|Any CPU
		{685EF7DA-FAD9-47D2-82F4-C7B74DE35C15}.Release|x86.Build.0 = Release|Any CPU
		{219A2B75-D3D5-4CCA-B1AC-646387DBCB30}.Debug|Any CPU.ActiveCfg = Debug|Any CPU
		{219A2B75-D3D5-4CCA-B1AC-646387DBCB30}.Debug|Any CPU.Build.0 = Debug|Any CPU
		{219A2B75-D3D5-4CCA-B1AC-646387DBCB30}.Debug|x64.ActiveCfg = Debug|Any CPU
		{219A2B75-D3D5-4CCA-B1AC-646387DBCB30}.Debug|x64.Build.0 = Debug|Any CPU
		{219A2B75-D3D5-4CCA-B1AC-646387DBCB30}.Debug|x86.ActiveCfg = Debug|Any CPU
		{219A2B75-D3D5-4CCA-B1AC-646387DBCB30}.Debug|x86.Build.0 = Debug|Any CPU
		{219A2B75-D3D5-4CCA-B1AC-646387DBCB30}.Release|Any CPU.ActiveCfg = Release|Any CPU
		{219A2B75-D3D5-4CCA-B1AC-646387DBCB30}.Release|Any CPU.Build.0 = Release|Any CPU
		{219A2B75-D3D5-4CCA-B1AC-646387DBCB30}.Release|x64.ActiveCfg = Release|Any CPU
		{219A2B75-D3D5-4CCA-B1AC-646387DBCB30}.Release|x64.Build.0 = Release|Any CPU
		{219A2B75-D3D5-4CCA-B1AC-646387DBCB30}.Release|x86.ActiveCfg = Release|Any CPU
		{219A2B75-D3D5-4CCA-B1AC-646387DBCB30}.Release|x86.Build.0 = Release|Any CPU
		{0FB4F7B2-BBF5-4422-8133-DB82AD4D4643}.Debug|Any CPU.ActiveCfg = Debug|Any CPU
		{0FB4F7B2-BBF5-4422-8133-DB82AD4D4643}.Debug|Any CPU.Build.0 = Debug|Any CPU
		{0FB4F7B2-BBF5-4422-8133-DB82AD4D4643}.Debug|x64.ActiveCfg = Debug|Any CPU
		{0FB4F7B2-BBF5-4422-8133-DB82AD4D4643}.Debug|x64.Build.0 = Debug|Any CPU
		{0FB4F7B2-BBF5-4422-8133-DB82AD4D4643}.Debug|x86.ActiveCfg = Debug|Any CPU
		{0FB4F7B2-BBF5-4422-8133-DB82AD4D4643}.Debug|x86.Build.0 = Debug|Any CPU
		{0FB4F7B2-BBF5-4422-8133-DB82AD4D4643}.Release|Any CPU.ActiveCfg = Release|Any CPU
		{0FB4F7B2-BBF5-4422-8133-DB82AD4D4643}.Release|Any CPU.Build.0 = Release|Any CPU
		{0FB4F7B2-BBF5-4422-8133-DB82AD4D4643}.Release|x64.ActiveCfg = Release|Any CPU
		{0FB4F7B2-BBF5-4422-8133-DB82AD4D4643}.Release|x64.Build.0 = Release|Any CPU
		{0FB4F7B2-BBF5-4422-8133-DB82AD4D4643}.Release|x86.ActiveCfg = Release|Any CPU
		{0FB4F7B2-BBF5-4422-8133-DB82AD4D4643}.Release|x86.Build.0 = Release|Any CPU
		{E129C530-D5C7-4FEF-9644-2CE1D7B283D0}.Debug|Any CPU.ActiveCfg = Debug|Any CPU
		{E129C530-D5C7-4FEF-9644-2CE1D7B283D0}.Debug|Any CPU.Build.0 = Debug|Any CPU
		{E129C530-D5C7-4FEF-9644-2CE1D7B283D0}.Debug|x64.ActiveCfg = Debug|Any CPU
		{E129C530-D5C7-4FEF-9644-2CE1D7B283D0}.Debug|x64.Build.0 = Debug|Any CPU
		{E129C530-D5C7-4FEF-9644-2CE1D7B283D0}.Debug|x86.ActiveCfg = Debug|Any CPU
		{E129C530-D5C7-4FEF-9644-2CE1D7B283D0}.Debug|x86.Build.0 = Debug|Any CPU
		{E129C530-D5C7-4FEF-9644-2CE1D7B283D0}.Release|Any CPU.ActiveCfg = Release|Any CPU
		{E129C530-D5C7-4FEF-9644-2CE1D7B283D0}.Release|Any CPU.Build.0 = Release|Any CPU
		{E129C530-D5C7-4FEF-9644-2CE1D7B283D0}.Release|x64.ActiveCfg = Release|Any CPU
		{E129C530-D5C7-4FEF-9644-2CE1D7B283D0}.Release|x64.Build.0 = Release|Any CPU
		{E129C530-D5C7-4FEF-9644-2CE1D7B283D0}.Release|x86.ActiveCfg = Release|Any CPU
		{E129C530-D5C7-4FEF-9644-2CE1D7B283D0}.Release|x86.Build.0 = Release|Any CPU
		{29FF43DE-61B7-40C4-AD95-1B43341FCE34}.Debug|Any CPU.ActiveCfg = Debug|Any CPU
		{29FF43DE-61B7-40C4-AD95-1B43341FCE34}.Debug|Any CPU.Build.0 = Debug|Any CPU
		{29FF43DE-61B7-40C4-AD95-1B43341FCE34}.Debug|x64.ActiveCfg = Debug|Any CPU
		{29FF43DE-61B7-40C4-AD95-1B43341FCE34}.Debug|x64.Build.0 = Debug|Any CPU
		{29FF43DE-61B7-40C4-AD95-1B43341FCE34}.Debug|x86.ActiveCfg = Debug|Any CPU
		{29FF43DE-61B7-40C4-AD95-1B43341FCE34}.Debug|x86.Build.0 = Debug|Any CPU
		{29FF43DE-61B7-40C4-AD95-1B43341FCE34}.Release|Any CPU.ActiveCfg = Release|Any CPU
		{29FF43DE-61B7-40C4-AD95-1B43341FCE34}.Release|Any CPU.Build.0 = Release|Any CPU
		{29FF43DE-61B7-40C4-AD95-1B43341FCE34}.Release|x64.ActiveCfg = Release|Any CPU
		{29FF43DE-61B7-40C4-AD95-1B43341FCE34}.Release|x64.Build.0 = Release|Any CPU
		{29FF43DE-61B7-40C4-AD95-1B43341FCE34}.Release|x86.ActiveCfg = Release|Any CPU
		{29FF43DE-61B7-40C4-AD95-1B43341FCE34}.Release|x86.Build.0 = Release|Any CPU
	EndGlobalSection
	GlobalSection(SolutionProperties) = preSolution
		HideSolutionNode = FALSE
	EndGlobalSection
	GlobalSection(NestedProjects) = preSolution
		{464EF9FD-AABE-425B-A212-3D57443E2B98} = {827E0CD3-B72D-47B6-A68D-7590B98EB39B}
		{71D7DEA6-DE10-46C0-BED5-D4F47EFC4C53} = {827E0CD3-B72D-47B6-A68D-7590B98EB39B}
		{A9CF2BD4-65E6-47FB-A174-6202B108CE6A} = {827E0CD3-B72D-47B6-A68D-7590B98EB39B}
		{6A3B62BF-82E4-4B75-9692-2B48490830C3} = {827E0CD3-B72D-47B6-A68D-7590B98EB39B}
		{CD959AA8-1EDE-4433-8EA7-53E550161270} = {827E0CD3-B72D-47B6-A68D-7590B98EB39B}
		{D59FD34C-9C4A-4601-A57E-46E862CB22BC} = {827E0CD3-B72D-47B6-A68D-7590B98EB39B}
		{DE63B99A-0D8F-45A7-BB30-82EC823519B6} = {827E0CD3-B72D-47B6-A68D-7590B98EB39B}
		{29B231AC-31A5-438D-AEAA-42FFB80FC435} = {827E0CD3-B72D-47B6-A68D-7590B98EB39B}
		{121B3138-1D14-4518-BAE7-2628DAAEEB8B} = {827E0CD3-B72D-47B6-A68D-7590B98EB39B}
		{9F59017A-D9D0-434B-9B50-B4114E2E2332} = {5D20AA90-6969-D8BD-9DCD-8634F4692FDA}
		{8467498E-1677-4102-B9C9-5AC14D3BD7B2} = {827E0CD3-B72D-47B6-A68D-7590B98EB39B}
		{F9067AF0-1C14-450B-867E-20C440C30BBB} = {827E0CD3-B72D-47B6-A68D-7590B98EB39B}
		{55AE16D4-CB69-4C9F-9DDD-0E208692728A} = {827E0CD3-B72D-47B6-A68D-7590B98EB39B}
		{DDF88D06-3B67-4445-ADD1-532DF8184B27} = {827E0CD3-B72D-47B6-A68D-7590B98EB39B}
		{1E479677-BDBE-4638-8A44-EA188158CF10} = {5D20AA90-6969-D8BD-9DCD-8634F4692FDA}
		{003A9FDE-5C90-4889-8483-0B9B050EA108} = {827E0CD3-B72D-47B6-A68D-7590B98EB39B}
		{47AB9866-E0D4-494E-A363-0160EBBB1294} = {827E0CD3-B72D-47B6-A68D-7590B98EB39B}
		{53019527-957B-4935-80D8-7C945B90740A} = {0AB3BF05-4346-4AA6-1389-037BE0695223}
		{22662AD5-F7CF-4E00-86CF-F91C6D9C368C} = {0AB3BF05-4346-4AA6-1389-037BE0695223}
		{6A57E6D1-372F-4C27-9E58-A1FB0639D2B7} = {0AB3BF05-4346-4AA6-1389-037BE0695223}
		{3FFFD59E-102E-441F-9784-4672ED9CBCC4} = {0AB3BF05-4346-4AA6-1389-037BE0695223}
		{51FCA68C-C5A2-4075-8471-298232955EE3} = {0AB3BF05-4346-4AA6-1389-037BE0695223}
		{6CBE3B79-FB97-4581-BE20-6D13C2CA9FE3} = {0AB3BF05-4346-4AA6-1389-037BE0695223}
		{2A892B36-85D2-4573-828D-B5FE267FCAE9} = {0AB3BF05-4346-4AA6-1389-037BE0695223}
		{FC3E6F6E-F4D0-4D2C-9F7E-970C6CF41D93} = {07C2787E-EAC7-C090-1BA3-A61EC2A24D84}
		{16EF7DF7-7CB0-4F50-AE76-F70A99D031F5} = {0AB3BF05-4346-4AA6-1389-037BE0695223}
		{4F82E1CF-C6BB-487A-8304-9808EBF6025D} = {0AB3BF05-4346-4AA6-1389-037BE0695223}
		{68D55433-7C8E-4022-A90E-092081E10393} = {0AB3BF05-4346-4AA6-1389-037BE0695223}
		{59EA37D4-F7A6-4EA1-9642-7D626B7CF340} = {0AB3BF05-4346-4AA6-1389-037BE0695223}
		{CA4A80D7-28C7-4544-804E-572D367E58CB} = {0AB3BF05-4346-4AA6-1389-037BE0695223}
		{6D90611B-A3FF-45C7-BBA2-A839B5E3FD82} = {0AB3BF05-4346-4AA6-1389-037BE0695223}
		{F718CCBD-382B-4802-B3BA-8AC01C3B15D2} = {07C2787E-EAC7-C090-1BA3-A61EC2A24D84}
		{B52733D6-E63D-4728-B346-B92FC27A22F9} = {0AB3BF05-4346-4AA6-1389-037BE0695223}
		{87586920-3D64-466F-A26D-9D5324BA6CD3} = {0AB3BF05-4346-4AA6-1389-037BE0695223}
		{D48F16FE-70D1-4D46-BAD9-E8E6008BDE12} = {0AB3BF05-4346-4AA6-1389-037BE0695223}
		{3EEFBA3C-39DC-43A1-A93E-5DAEED1ED80A} = {0AB3BF05-4346-4AA6-1389-037BE0695223}
		{9257A1C9-39D8-4B38-A998-B125C4ED8D15} = {0AB3BF05-4346-4AA6-1389-037BE0695223}
		{5FCAEB63-1D09-41EA-995F-F583149CF716} = {827E0CD3-B72D-47B6-A68D-7590B98EB39B}
		{0F15DF17-B24C-47BF-8616-FD224CC590A5} = {0AB3BF05-4346-4AA6-1389-037BE0695223}
		{7ABE9AC3-F703-45C5-B42E-3FBA15632C32} = {5D20AA90-6969-D8BD-9DCD-8634F4692FDA}
		{40F1CD12-C6B6-47B9-8243-ACE2D8415117} = {5D20AA90-6969-D8BD-9DCD-8634F4692FDA}
		{A9A0133F-DBC7-44E2-B751-E27EDF4C9304} = {5D20AA90-6969-D8BD-9DCD-8634F4692FDA}
		{685EF7DA-FAD9-47D2-82F4-C7B74DE35C15} = {5D20AA90-6969-D8BD-9DCD-8634F4692FDA}
		{219A2B75-D3D5-4CCA-B1AC-646387DBCB30} = {5D20AA90-6969-D8BD-9DCD-8634F4692FDA}
		{0FB4F7B2-BBF5-4422-8133-DB82AD4D4643} = {5D20AA90-6969-D8BD-9DCD-8634F4692FDA}
		{E129C530-D5C7-4FEF-9644-2CE1D7B283D0} = {5D20AA90-6969-D8BD-9DCD-8634F4692FDA}
		{29FF43DE-61B7-40C4-AD95-1B43341FCE34} = {5D20AA90-6969-D8BD-9DCD-8634F4692FDA}
	EndGlobalSection
EndGlobal
